
Microsoft Visual Studio Solution File, Format Version 12.00
# Visual Studio Version 16
VisualStudioVersion = 16.0.30523.141
MinimumVisualStudioVersion = 10.0.40219.1
Project("{9A19103F-16F7-4668-BE54-9A1E7A4F7556}") = "01. USD to BGN", "01. USD to BGN\01. USD to BGN.csproj", "{178F0E11-9835-4807-9B94-E1211759D4D1}"
EndProject
Project("{9A19103F-16F7-4668-BE54-9A1E7A4F7556}") = "02. Radians to Degrees", "02. Radians to Degrees\02. Radians to Degrees.csproj", "{2A3253E8-ACDD-42C3-8FF2-A177CE287F68}"
EndProject
Project("{9A19103F-16F7-4668-BE54-9A1E7A4F7556}") = "03. Deposit Calculator", "03. Deposit Calculator\03. Deposit Calculator.csproj", "{C9A7C8F1-259C-420B-8E05-84C49234AEBD}"
EndProject
Project("{9A19103F-16F7-4668-BE54-9A1E7A4F7556}") = "04. Vacation books list", "04. Vacation books list\04. Vacation books list.csproj", "{973F5D15-CFF8-4044-803F-0171D9461C29}"
EndProject
Project("{9A19103F-16F7-4668-BE54-9A1E7A4F7556}") = "05. Birthday party", "05. Birthday party\05. Birthday party.csproj", "{2C78DC74-1A14-4D27-815F-5B79DF3268B8}"
EndProject
Project("{9A19103F-16F7-4668-BE54-9A1E7A4F7556}") = "06. Charity Campaign-hard", "06. Charity Campaign-hard\06. Charity Campaign-hard.csproj", "{B7B32753-781D-4B23-899D-B805F57175B5}"
EndProject
Project("{FAE04EC0-301F-11D3-BF4B-00C04F79EFBC}") = "07. Fruit Market", "07. Fruit Market\07. Fruit Market.csproj", "{2F1131DF-8530-49F5-8F6C-FC2FFD3F490B}"
EndProject
Project("{FAE04EC0-301F-11D3-BF4B-00C04F79EFBC}") = "08. Fish Tank", "08. Fish Tank\08. Fish Tank.csproj", "{27C683EC-7CB7-45DA-8E30-8C81417A251B}"
EndProject
Global
	GlobalSection(SolutionConfigurationPlatforms) = preSolution
		Debug|Any CPU = Debug|Any CPU
		Release|Any CPU = Release|Any CPU
	EndGlobalSection
	GlobalSection(ProjectConfigurationPlatforms) = postSolution
		{178F0E11-9835-4807-9B94-E1211759D4D1}.Debug|Any CPU.ActiveCfg = Debug|Any CPU
		{178F0E11-9835-4807-9B94-E1211759D4D1}.Debug|Any CPU.Build.0 = Debug|Any CPU
		{178F0E11-9835-4807-9B94-E1211759D4D1}.Release|Any CPU.ActiveCfg = Release|Any CPU
		{178F0E11-9835-4807-9B94-E1211759D4D1}.Release|Any CPU.Build.0 = Release|Any CPU
		{2A3253E8-ACDD-42C3-8FF2-A177CE287F68}.Debug|Any CPU.ActiveCfg = Debug|Any CPU
		{2A3253E8-ACDD-42C3-8FF2-A177CE287F68}.Debug|Any CPU.Build.0 = Debug|Any CPU
		{2A3253E8-ACDD-42C3-8FF2-A177CE287F68}.Release|Any CPU.ActiveCfg = Release|Any CPU
		{2A3253E8-ACDD-42C3-8FF2-A177CE287F68}.Release|Any CPU.Build.0 = Release|Any CPU
		{C9A7C8F1-259C-420B-8E05-84C49234AEBD}.Debug|Any CPU.ActiveCfg = Debug|Any CPU
		{C9A7C8F1-259C-420B-8E05-84C49234AEBD}.Debug|Any CPU.Build.0 = Debug|Any CPU
		{C9A7C8F1-259C-420B-8E05-84C49234AEBD}.Release|Any CPU.ActiveCfg = Release|Any CPU
		{C9A7C8F1-259C-420B-8E05-84C49234AEBD}.Release|Any CPU.Build.0 = Release|Any CPU
		{973F5D15-CFF8-4044-803F-0171D9461C29}.Debug|Any CPU.ActiveCfg = Debug|Any CPU
		{973F5D15-CFF8-4044-803F-0171D9461C29}.Debug|Any CPU.Build.0 = Debug|Any CPU
		{973F5D15-CFF8-4044-803F-0171D9461C29}.Release|Any CPU.ActiveCfg = Release|Any CPU
		{973F5D15-CFF8-4044-803F-0171D9461C29}.Release|Any CPU.Build.0 = Release|Any CPU
		{2C78DC74-1A14-4D27-815F-5B79DF3268B8}.Debug|Any CPU.ActiveCfg = Debug|Any CPU
		{2C78DC74-1A14-4D27-815F-5B79DF3268B8}.Debug|Any CPU.Build.0 = Debug|Any CPU
		{2C78DC74-1A14-4D27-815F-5B79DF3268B8}.Release|Any CPU.ActiveCfg = Release|Any CPU
		{2C78DC74-1A14-4D27-815F-5B79DF3268B8}.Release|Any CPU.Build.0 = Release|Any CPU
		{B7B32753-781D-4B23-899D-B805F57175B5}.Debug|Any CPU.ActiveCfg = Debug|Any CPU
		{B7B32753-781D-4B23-899D-B805F57175B5}.Debug|Any CPU.Build.0 = Debug|Any CPU
		{B7B32753-781D-4B23-899D-B805F57175B5}.Release|Any CPU.ActiveCfg = Release|Any CPU
		{B7B32753-781D-4B23-899D-B805F57175B5}.Release|Any CPU.Build.0 = Release|Any CPU
		{2F1131DF-8530-49F5-8F6C-FC2FFD3F490B}.Debug|Any CPU.ActiveCfg = Debug|Any CPU
		{2F1131DF-8530-49F5-8F6C-FC2FFD3F490B}.Debug|Any CPU.Build.0 = Debug|Any CPU
		{2F1131DF-8530-49F5-8F6C-FC2FFD3F490B}.Release|Any CPU.ActiveCfg = Release|Any CPU
		{2F1131DF-8530-49F5-8F6C-FC2FFD3F490B}.Release|Any CPU.Build.0 = Release|Any CPU
		{27C683EC-7CB7-45DA-8E30-8C81417A251B}.Debug|Any CPU.ActiveCfg = Debug|Any CPU
		{27C683EC-7CB7-45DA-8E30-8C81417A251B}.Debug|Any CPU.Build.0 = Debug|Any CPU
		{27C683EC-7CB7-45DA-8E30-8C81417A251B}.Release|Any CPU.ActiveCfg = Release|Any CPU
		{27C683EC-7CB7-45DA-8E30-8C81417A251B}.Release|Any CPU.Build.0 = Release|Any CPU
	EndGlobalSection
	GlobalSection(SolutionProperties) = preSolution
		HideSolutionNode = FALSE
	EndGlobalSection
	GlobalSection(ExtensibilityGlobals) = postSolution
		SolutionGuid = {D5BD3A6A-EB1D-4F28-B841-C4C26A837F8B}
	EndGlobalSection
EndGlobal
